// !$*UTF8*$!
{
	archiveVersion = 1;
	classes = {
	};
	objectVersion = 50;
	objects = {

/* Begin PBXBuildFile section */
		461D817E08DA8ABF45E147C6 /* Pods_TableTests.framework in Frameworks */ = {isa = PBXBuildFile; fileRef = 756C6CFF4428E38CCAB80330 /* Pods_TableTests.framework */; };
		89B0F8B1218E69DE001AB959 /* AppDelegate.swift in Sources */ = {isa = PBXBuildFile; fileRef = 89B0F8B0218E69DE001AB959 /* AppDelegate.swift */; };
		89B0F8B3218E69DE001AB959 /* ViewController.swift in Sources */ = {isa = PBXBuildFile; fileRef = 89B0F8B2218E69DE001AB959 /* ViewController.swift */; };
		89B0F8B6218E69DE001AB959 /* Main.storyboard in Resources */ = {isa = PBXBuildFile; fileRef = 89B0F8B4218E69DE001AB959 /* Main.storyboard */; };
		89B0F8B8218E69DF001AB959 /* Assets.xcassets in Resources */ = {isa = PBXBuildFile; fileRef = 89B0F8B7218E69DF001AB959 /* Assets.xcassets */; };
		89B0F8BB218E69DF001AB959 /* LaunchScreen.storyboard in Resources */ = {isa = PBXBuildFile; fileRef = 89B0F8B9218E69DF001AB959 /* LaunchScreen.storyboard */; };
		89B0F8C6218E69DF001AB959 /* TableTests.swift in Sources */ = {isa = PBXBuildFile; fileRef = 89B0F8C5218E69DF001AB959 /* TableTests.swift */; };
		89B0F8D1218E69DF001AB959 /* TableUITests.swift in Sources */ = {isa = PBXBuildFile; fileRef = 89B0F8D0218E69DF001AB959 /* TableUITests.swift */; };
		98239C4FFA02BAD6651AA198 /* Pods_TableUITests.framework in Frameworks */ = {isa = PBXBuildFile; fileRef = 17353238F40C74A52F164B47 /* Pods_TableUITests.framework */; };
		9C38D84045A80C0A7FB15342 /* Pods_Table.framework in Frameworks */ = {isa = PBXBuildFile; fileRef = 5DB45FEB4D9DA711CED9CD65 /* Pods_Table.framework */; };
/* End PBXBuildFile section */

/* Begin PBXContainerItemProxy section */
		89B0F8C2218E69DF001AB959 /* PBXContainerItemProxy */ = {
			isa = PBXContainerItemProxy;
			containerPortal = 89B0F8A5218E69DE001AB959 /* Project object */;
			proxyType = 1;
			remoteGlobalIDString = 89B0F8AC218E69DE001AB959;
			remoteInfo = Table;
		};
		89B0F8CD218E69DF001AB959 /* PBXContainerItemProxy */ = {
			isa = PBXContainerItemProxy;
			containerPortal = 89B0F8A5218E69DE001AB959 /* Project object */;
			proxyType = 1;
			remoteGlobalIDString = 89B0F8AC218E69DE001AB959;
			remoteInfo = Table;
		};
/* End PBXContainerItemProxy section */

/* Begin PBXFileReference section */
		0FB2FB97AF09CD3DD0C46B37 /* Pods-Table.debug.xcconfig */ = {isa = PBXFileReference; includeInIndex = 1; lastKnownFileType = text.xcconfig; name = "Pods-Table.debug.xcconfig"; path = "Pods/Target Support Files/Pods-Table/Pods-Table.debug.xcconfig"; sourceTree = "<group>"; };
		17353238F40C74A52F164B47 /* Pods_TableUITests.framework */ = {isa = PBXFileReference; explicitFileType = wrapper.framework; includeInIndex = 0; path = Pods_TableUITests.framework; sourceTree = BUILT_PRODUCTS_DIR; };
		26890D360C901D62218B4EB4 /* Pods-TableTests.release.xcconfig */ = {isa = PBXFileReference; includeInIndex = 1; lastKnownFileType = text.xcconfig; name = "Pods-TableTests.release.xcconfig"; path = "Pods/Target Support Files/Pods-TableTests/Pods-TableTests.release.xcconfig"; sourceTree = "<group>"; };
		36F4FD08A240A78BA94978AC /* Pods-TableTests.debug.xcconfig */ = {isa = PBXFileReference; includeInIndex = 1; lastKnownFileType = text.xcconfig; name = "Pods-TableTests.debug.xcconfig"; path = "Pods/Target Support Files/Pods-TableTests/Pods-TableTests.debug.xcconfig"; sourceTree = "<group>"; };
		56884BA4A2FA2E63DB70CB67 /* Pods-TableUITests.release.xcconfig */ = {isa = PBXFileReference; includeInIndex = 1; lastKnownFileType = text.xcconfig; name = "Pods-TableUITests.release.xcconfig"; path = "Pods/Target Support Files/Pods-TableUITests/Pods-TableUITests.release.xcconfig"; sourceTree = "<group>"; };
		5DB45FEB4D9DA711CED9CD65 /* Pods_Table.framework */ = {isa = PBXFileReference; explicitFileType = wrapper.framework; includeInIndex = 0; path = Pods_Table.framework; sourceTree = BUILT_PRODUCTS_DIR; };
		756C6CFF4428E38CCAB80330 /* Pods_TableTests.framework */ = {isa = PBXFileReference; explicitFileType = wrapper.framework; includeInIndex = 0; path = Pods_TableTests.framework; sourceTree = BUILT_PRODUCTS_DIR; };
		89B0F8AD218E69DE001AB959 /* Table.app */ = {isa = PBXFileReference; explicitFileType = wrapper.application; includeInIndex = 0; path = Table.app; sourceTree = BUILT_PRODUCTS_DIR; };
		89B0F8B0218E69DE001AB959 /* AppDelegate.swift */ = {isa = PBXFileReference; lastKnownFileType = sourcecode.swift; path = AppDelegate.swift; sourceTree = "<group>"; };
		89B0F8B2218E69DE001AB959 /* ViewController.swift */ = {isa = PBXFileReference; lastKnownFileType = sourcecode.swift; path = ViewController.swift; sourceTree = "<group>"; };
		89B0F8B5218E69DE001AB959 /* Base */ = {isa = PBXFileReference; lastKnownFileType = file.storyboard; name = Base; path = Base.lproj/Main.storyboard; sourceTree = "<group>"; };
		89B0F8B7218E69DF001AB959 /* Assets.xcassets */ = {isa = PBXFileReference; lastKnownFileType = folder.assetcatalog; path = Assets.xcassets; sourceTree = "<group>"; };
		89B0F8BA218E69DF001AB959 /* Base */ = {isa = PBXFileReference; lastKnownFileType = file.storyboard; name = Base; path = Base.lproj/LaunchScreen.storyboard; sourceTree = "<group>"; };
		89B0F8BC218E69DF001AB959 /* Info.plist */ = {isa = PBXFileReference; lastKnownFileType = text.plist.xml; path = Info.plist; sourceTree = "<group>"; };
		89B0F8C1218E69DF001AB959 /* TableTests.xctest */ = {isa = PBXFileReference; explicitFileType = wrapper.cfbundle; includeInIndex = 0; path = TableTests.xctest; sourceTree = BUILT_PRODUCTS_DIR; };
		89B0F8C5218E69DF001AB959 /* TableTests.swift */ = {isa = PBXFileReference; lastKnownFileType = sourcecode.swift; path = TableTests.swift; sourceTree = "<group>"; };
		89B0F8C7218E69DF001AB959 /* Info.plist */ = {isa = PBXFileReference; lastKnownFileType = text.plist.xml; path = Info.plist; sourceTree = "<group>"; };
		89B0F8CC218E69DF001AB959 /* TableUITests.xctest */ = {isa = PBXFileReference; explicitFileType = wrapper.cfbundle; includeInIndex = 0; path = TableUITests.xctest; sourceTree = BUILT_PRODUCTS_DIR; };
		89B0F8D0218E69DF001AB959 /* TableUITests.swift */ = {isa = PBXFileReference; lastKnownFileType = sourcecode.swift; path = TableUITests.swift; sourceTree = "<group>"; };
		89B0F8D2218E69DF001AB959 /* Info.plist */ = {isa = PBXFileReference; lastKnownFileType = text.plist.xml; path = Info.plist; sourceTree = "<group>"; };
		BBFDB526AC9394C664F40EA4 /* Pods-TableUITests.debug.xcconfig */ = {isa = PBXFileReference; includeInIndex = 1; lastKnownFileType = text.xcconfig; name = "Pods-TableUITests.debug.xcconfig"; path = "Pods/Target Support Files/Pods-TableUITests/Pods-TableUITests.debug.xcconfig"; sourceTree = "<group>"; };
		F1B016AAA07EE475967B1421 /* Pods-Table.release.xcconfig */ = {isa = PBXFileReference; includeInIndex = 1; lastKnownFileType = text.xcconfig; name = "Pods-Table.release.xcconfig"; path = "Pods/Target Support Files/Pods-Table/Pods-Table.release.xcconfig"; sourceTree = "<group>"; };
/* End PBXFileReference section */

/* Begin PBXFrameworksBuildPhase section */
		89B0F8AA218E69DE001AB959 /* Frameworks */ = {
			isa = PBXFrameworksBuildPhase;
			buildActionMask = 2147483647;
			files = (
				9C38D84045A80C0A7FB15342 /* Pods_Table.framework in Frameworks */,
			);
			runOnlyForDeploymentPostprocessing = 0;
		};
		89B0F8BE218E69DF001AB959 /* Frameworks */ = {
			isa = PBXFrameworksBuildPhase;
			buildActionMask = 2147483647;
			files = (
				461D817E08DA8ABF45E147C6 /* Pods_TableTests.framework in Frameworks */,
			);
			runOnlyForDeploymentPostprocessing = 0;
		};
		89B0F8C9218E69DF001AB959 /* Frameworks */ = {
			isa = PBXFrameworksBuildPhase;
			buildActionMask = 2147483647;
			files = (
				98239C4FFA02BAD6651AA198 /* Pods_TableUITests.framework in Frameworks */,
			);
			runOnlyForDeploymentPostprocessing = 0;
		};
/* End PBXFrameworksBuildPhase section */

/* Begin PBXGroup section */
		2862F565EB9E887C880CF8C5 /* Frameworks */ = {
			isa = PBXGroup;
			children = (
				5DB45FEB4D9DA711CED9CD65 /* Pods_Table.framework */,
				756C6CFF4428E38CCAB80330 /* Pods_TableTests.framework */,
				17353238F40C74A52F164B47 /* Pods_TableUITests.framework */,
			);
			name = Frameworks;
			sourceTree = "<group>";
		};
		872D42A8549849233E569357 /* Pods */ = {
			isa = PBXGroup;
			children = (
				0FB2FB97AF09CD3DD0C46B37 /* Pods-Table.debug.xcconfig */,
				F1B016AAA07EE475967B1421 /* Pods-Table.release.xcconfig */,
				36F4FD08A240A78BA94978AC /* Pods-TableTests.debug.xcconfig */,
				26890D360C901D62218B4EB4 /* Pods-TableTests.release.xcconfig */,
				BBFDB526AC9394C664F40EA4 /* Pods-TableUITests.debug.xcconfig */,
				56884BA4A2FA2E63DB70CB67 /* Pods-TableUITests.release.xcconfig */,
			);
			name = Pods;
			sourceTree = "<group>";
		};
		89B0F8A4218E69DE001AB959 = {
			isa = PBXGroup;
			children = (
				89B0F8AF218E69DE001AB959 /* Table */,
				89B0F8C4218E69DF001AB959 /* TableTests */,
				89B0F8CF218E69DF001AB959 /* TableUITests */,
				89B0F8AE218E69DE001AB959 /* Products */,
				872D42A8549849233E569357 /* Pods */,
				2862F565EB9E887C880CF8C5 /* Frameworks */,
			);
			sourceTree = "<group>";
		};
		89B0F8AE218E69DE001AB959 /* Products */ = {
			isa = PBXGroup;
			children = (
				89B0F8AD218E69DE001AB959 /* Table.app */,
				89B0F8C1218E69DF001AB959 /* TableTests.xctest */,
				89B0F8CC218E69DF001AB959 /* TableUITests.xctest */,
			);
			name = Products;
			sourceTree = "<group>";
		};
		89B0F8AF218E69DE001AB959 /* Table */ = {
			isa = PBXGroup;
			children = (
				89B0F8B0218E69DE001AB959 /* AppDelegate.swift */,
				89B0F8B2218E69DE001AB959 /* ViewController.swift */,
				89B0F8B4218E69DE001AB959 /* Main.storyboard */,
				89B0F8B7218E69DF001AB959 /* Assets.xcassets */,
				89B0F8B9218E69DF001AB959 /* LaunchScreen.storyboard */,
				89B0F8BC218E69DF001AB959 /* Info.plist */,
			);
			path = Table;
			sourceTree = "<group>";
		};
		89B0F8C4218E69DF001AB959 /* TableTests */ = {
			isa = PBXGroup;
			children = (
				89B0F8C5218E69DF001AB959 /* TableTests.swift */,
				89B0F8C7218E69DF001AB959 /* Info.plist */,
			);
			path = TableTests;
			sourceTree = "<group>";
		};
		89B0F8CF218E69DF001AB959 /* TableUITests */ = {
			isa = PBXGroup;
			children = (
				89B0F8D0218E69DF001AB959 /* TableUITests.swift */,
				89B0F8D2218E69DF001AB959 /* Info.plist */,
			);
			path = TableUITests;
			sourceTree = "<group>";
		};
/* End PBXGroup section */

/* Begin PBXNativeTarget section */
		89B0F8AC218E69DE001AB959 /* Table */ = {
			isa = PBXNativeTarget;
			buildConfigurationList = 89B0F8D5218E69DF001AB959 /* Build configuration list for PBXNativeTarget "Table" */;
			buildPhases = (
				18EB4E0A3532DD0DD0BC28B3 /* [CP] Check Pods Manifest.lock */,
				89B0F8A9218E69DE001AB959 /* Sources */,
				89B0F8AA218E69DE001AB959 /* Frameworks */,
				89B0F8AB218E69DE001AB959 /* Resources */,
			);
			buildRules = (
			);
			dependencies = (
			);
			name = Table;
			productName = Table;
			productReference = 89B0F8AD218E69DE001AB959 /* Table.app */;
			productType = "com.apple.product-type.application";
		};
		89B0F8C0218E69DF001AB959 /* TableTests */ = {
			isa = PBXNativeTarget;
			buildConfigurationList = 89B0F8D8218E69DF001AB959 /* Build configuration list for PBXNativeTarget "TableTests" */;
			buildPhases = (
				293402765851C1E401F85DCC /* [CP] Check Pods Manifest.lock */,
				89B0F8BD218E69DF001AB959 /* Sources */,
				89B0F8BE218E69DF001AB959 /* Frameworks */,
				89B0F8BF218E69DF001AB959 /* Resources */,
				E808F9C9DE968E138D8F94B9 /* [CP] Embed Pods Frameworks */,
			);
			buildRules = (
			);
			dependencies = (
				89B0F8C3218E69DF001AB959 /* PBXTargetDependency */,
			);
			name = TableTests;
			productName = TableTests;
			productReference = 89B0F8C1218E69DF001AB959 /* TableTests.xctest */;
			productType = "com.apple.product-type.bundle.unit-test";
		};
		89B0F8CB218E69DF001AB959 /* TableUITests */ = {
			isa = PBXNativeTarget;
			buildConfigurationList = 89B0F8DB218E69DF001AB959 /* Build configuration list for PBXNativeTarget "TableUITests" */;
			buildPhases = (
				8C06EE5688615B80C9C5690D /* [CP] Check Pods Manifest.lock */,
				89B0F8C8218E69DF001AB959 /* Sources */,
				89B0F8C9218E69DF001AB959 /* Frameworks */,
				89B0F8CA218E69DF001AB959 /* Resources */,
			);
			buildRules = (
			);
			dependencies = (
				89B0F8CE218E69DF001AB959 /* PBXTargetDependency */,
			);
			name = TableUITests;
			productName = TableUITests;
			productReference = 89B0F8CC218E69DF001AB959 /* TableUITests.xctest */;
			productType = "com.apple.product-type.bundle.ui-testing";
		};
/* End PBXNativeTarget section */

/* Begin PBXProject section */
		89B0F8A5218E69DE001AB959 /* Project object */ = {
			isa = PBXProject;
			attributes = {
				LastSwiftUpdateCheck = 1010;
				LastUpgradeCheck = 1010;
				ORGANIZATIONNAME = "William Hou";
				TargetAttributes = {
					89B0F8AC218E69DE001AB959 = {
						CreatedOnToolsVersion = 10.1;
					};
					89B0F8C0218E69DF001AB959 = {
						CreatedOnToolsVersion = 10.1;
						TestTargetID = 89B0F8AC218E69DE001AB959;
					};
					89B0F8CB218E69DF001AB959 = {
						CreatedOnToolsVersion = 10.1;
						TestTargetID = 89B0F8AC218E69DE001AB959;
					};
				};
			};
			buildConfigurationList = 89B0F8A8218E69DE001AB959 /* Build configuration list for PBXProject "Table" */;
			compatibilityVersion = "Xcode 9.3";
			developmentRegion = en;
			hasScannedForEncodings = 0;
			knownRegions = (
				en,
				Base,
			);
			mainGroup = 89B0F8A4218E69DE001AB959;
			productRefGroup = 89B0F8AE218E69DE001AB959 /* Products */;
			projectDirPath = "";
			projectRoot = "";
			targets = (
				89B0F8AC218E69DE001AB959 /* Table */,
				89B0F8C0218E69DF001AB959 /* TableTests */,
				89B0F8CB218E69DF001AB959 /* TableUITests */,
			);
		};
/* End PBXProject section */

/* Begin PBXResourcesBuildPhase section */
		89B0F8AB218E69DE001AB959 /* Resources */ = {
			isa = PBXResourcesBuildPhase;
			buildActionMask = 2147483647;
			files = (
				89B0F8BB218E69DF001AB959 /* LaunchScreen.storyboard in Resources */,
				89B0F8B8218E69DF001AB959 /* Assets.xcassets in Resources */,
				89B0F8B6218E69DE001AB959 /* Main.storyboard in Resources */,
			);
			runOnlyForDeploymentPostprocessing = 0;
		};
		89B0F8BF218E69DF001AB959 /* Resources */ = {
			isa = PBXResourcesBuildPhase;
			buildActionMask = 2147483647;
			files = (
			);
			runOnlyForDeploymentPostprocessing = 0;
		};
		89B0F8CA218E69DF001AB959 /* Resources */ = {
			isa = PBXResourcesBuildPhase;
			buildActionMask = 2147483647;
			files = (
			);
			runOnlyForDeploymentPostprocessing = 0;
		};
/* End PBXResourcesBuildPhase section */

/* Begin PBXShellScriptBuildPhase section */
		18EB4E0A3532DD0DD0BC28B3 /* [CP] Check Pods Manifest.lock */ = {
			isa = PBXShellScriptBuildPhase;
			buildActionMask = 2147483647;
			files = (
			);
			inputPaths = (
				"${PODS_PODFILE_DIR_PATH}/Podfile.lock",
				"${PODS_ROOT}/Manifest.lock",
			);
			name = "[CP] Check Pods Manifest.lock";
			outputPaths = (
				"$(DERIVED_FILE_DIR)/Pods-Table-checkManifestLockResult.txt",
			);
			runOnlyForDeploymentPostprocessing = 0;
			shellPath = /bin/sh;
			shellScript = "diff \"${PODS_PODFILE_DIR_PATH}/Podfile.lock\" \"${PODS_ROOT}/Manifest.lock\" > /dev/null\nif [ $? != 0 ] ; then\n    # print error to STDERR\n    echo \"error: The sandbox is not in sync with the Podfile.lock. Run 'pod install' or update your CocoaPods installation.\" >&2\n    exit 1\nfi\n# This output is used by Xcode 'outputs' to avoid re-running this script phase.\necho \"SUCCESS\" > \"${SCRIPT_OUTPUT_FILE_0}\"\n";
			showEnvVarsInLog = 0;
		};
		293402765851C1E401F85DCC /* [CP] Check Pods Manifest.lock */ = {
			isa = PBXShellScriptBuildPhase;
			buildActionMask = 2147483647;
			files = (
			);
			inputPaths = (
				"${PODS_PODFILE_DIR_PATH}/Podfile.lock",
				"${PODS_ROOT}/Manifest.lock",
			);
			name = "[CP] Check Pods Manifest.lock";
			outputPaths = (
				"$(DERIVED_FILE_DIR)/Pods-TableTests-checkManifestLockResult.txt",
			);
			runOnlyForDeploymentPostprocessing = 0;
			shellPath = /bin/sh;
			shellScript = "diff \"${PODS_PODFILE_DIR_PATH}/Podfile.lock\" \"${PODS_ROOT}/Manifest.lock\" > /dev/null\nif [ $? != 0 ] ; then\n    # print error to STDERR\n    echo \"error: The sandbox is not in sync with the Podfile.lock. Run 'pod install' or update your CocoaPods installation.\" >&2\n    exit 1\nfi\n# This output is used by Xcode 'outputs' to avoid re-running this script phase.\necho \"SUCCESS\" > \"${SCRIPT_OUTPUT_FILE_0}\"\n";
			showEnvVarsInLog = 0;
		};
		8C06EE5688615B80C9C5690D /* [CP] Check Pods Manifest.lock */ = {
			isa = PBXShellScriptBuildPhase;
			buildActionMask = 2147483647;
			files = (
			);
			inputPaths = (
				"${PODS_PODFILE_DIR_PATH}/Podfile.lock",
				"${PODS_ROOT}/Manifest.lock",
			);
			name = "[CP] Check Pods Manifest.lock";
			outputPaths = (
				"$(DERIVED_FILE_DIR)/Pods-TableUITests-checkManifestLockResult.txt",
			);
			runOnlyForDeploymentPostprocessing = 0;
			shellPath = /bin/sh;
			shellScript = "diff \"${PODS_PODFILE_DIR_PATH}/Podfile.lock\" \"${PODS_ROOT}/Manifest.lock\" > /dev/null\nif [ $? != 0 ] ; then\n    # print error to STDERR\n    echo \"error: The sandbox is not in sync with the Podfile.lock. Run 'pod install' or update your CocoaPods installation.\" >&2\n    exit 1\nfi\n# This output is used by Xcode 'outputs' to avoid re-running this script phase.\necho \"SUCCESS\" > \"${SCRIPT_OUTPUT_FILE_0}\"\n";
			showEnvVarsInLog = 0;
		};
		E808F9C9DE968E138D8F94B9 /* [CP] Embed Pods Frameworks */ = {
			isa = PBXShellScriptBuildPhase;
			buildActionMask = 2147483647;
			files = (
			);
			inputPaths = (
				"${SRCROOT}/Pods/Target Support Files/Pods-TableTests/Pods-TableTests-frameworks.sh",
				"${BUILT_PRODUCTS_DIR}/Alamofire/Alamofire.framework",
			);
			name = "[CP] Embed Pods Frameworks";
			outputPaths = (
				"${TARGET_BUILD_DIR}/${FRAMEWORKS_FOLDER_PATH}/Alamofire.framework",
			);
			runOnlyForDeploymentPostprocessing = 0;
			shellPath = /bin/sh;
			shellScript = "\"${SRCROOT}/Pods/Target Support Files/Pods-TableTests/Pods-TableTests-frameworks.sh\"\n";
			showEnvVarsInLog = 0;
		};
/* End PBXShellScriptBuildPhase section */

/* Begin PBXSourcesBuildPhase section */
		89B0F8A9218E69DE001AB959 /* Sources */ = {
			isa = PBXSourcesBuildPhase;
			buildActionMask = 2147483647;
			files = (
				89B0F8B3218E69DE001AB959 /* ViewController.swift in Sources */,
				89B0F8B1218E69DE001AB959 /* AppDelegate.swift in Sources */,
			);
			runOnlyForDeploymentPostprocessing = 0;
		};
		89B0F8BD218E69DF001AB959 /* Sources */ = {
			isa = PBXSourcesBuildPhase;
			buildActionMask = 2147483647;
			files = (
				89B0F8C6218E69DF001AB959 /* TableTests.swift in Sources */,
			);
			runOnlyForDeploymentPostprocessing = 0;
		};
		89B0F8C8218E69DF001AB959 /* Sources */ = {
			isa = PBXSourcesBuildPhase;
			buildActionMask = 2147483647;
			files = (
				89B0F8D1218E69DF001AB959 /* TableUITests.swift in Sources */,
			);
			runOnlyForDeploymentPostprocessing = 0;
		};
/* End PBXSourcesBuildPhase section */

/* Begin PBXTargetDependency section */
		89B0F8C3218E69DF001AB959 /* PBXTargetDependency */ = {
			isa = PBXTargetDependency;
			target = 89B0F8AC218E69DE001AB959 /* Table */;
			targetProxy = 89B0F8C2218E69DF001AB959 /* PBXContainerItemProxy */;
		};
		89B0F8CE218E69DF001AB959 /* PBXTargetDependency */ = {
			isa = PBXTargetDependency;
			target = 89B0F8AC218E69DE001AB959 /* Table */;
			targetProxy = 89B0F8CD218E69DF001AB959 /* PBXContainerItemProxy */;
		};
/* End PBXTargetDependency section */

/* Begin PBXVariantGroup section */
		89B0F8B4218E69DE001AB959 /* Main.storyboard */ = {
			isa = PBXVariantGroup;
			children = (
				89B0F8B5218E69DE001AB959 /* Base */,
			);
			name = Main.storyboard;
			sourceTree = "<group>";
		};
		89B0F8B9218E69DF001AB959 /* LaunchScreen.storyboard */ = {
			isa = PBXVariantGroup;
			children = (
				89B0F8BA218E69DF001AB959 /* Base */,
			);
			name = LaunchScreen.storyboard;
			sourceTree = "<group>";
		};
/* End PBXVariantGroup section */

/* Begin XCBuildConfiguration section */
		89B0F8D3218E69DF001AB959 /* Debug */ = {
			isa = XCBuildConfiguration;
			buildSettings = {
				ALWAYS_SEARCH_USER_PATHS = NO;
				CLANG_ANALYZER_NONNULL = YES;
				CLANG_ANALYZER_NUMBER_OBJECT_CONVERSION = YES_AGGRESSIVE;
				CLANG_CXX_LANGUAGE_STANDARD = "gnu++14";
				CLANG_CXX_LIBRARY = "libc++";
				CLANG_ENABLE_MODULES = YES;
				CLANG_ENABLE_OBJC_ARC = YES;
				CLANG_ENABLE_OBJC_WEAK = YES;
				CLANG_WARN_BLOCK_CAPTURE_AUTORELEASING = YES;
				CLANG_WARN_BOOL_CONVERSION = YES;
				CLANG_WARN_COMMA = YES;
				CLANG_WARN_CONSTANT_CONVERSION = YES;
				CLANG_WARN_DEPRECATED_OBJC_IMPLEMENTATIONS = YES;
				CLANG_WARN_DIRECT_OBJC_ISA_USAGE = YES_ERROR;
				CLANG_WARN_DOCUMENTATION_COMMENTS = YES;
				CLANG_WARN_EMPTY_BODY = YES;
				CLANG_WARN_ENUM_CONVERSION = YES;
				CLANG_WARN_INFINITE_RECURSION = YES;
				CLANG_WARN_INT_CONVERSION = YES;
				CLANG_WARN_NON_LITERAL_NULL_CONVERSION = YES;
				CLANG_WARN_OBJC_IMPLICIT_RETAIN_SELF = YES;
				CLANG_WARN_OBJC_LITERAL_CONVERSION = YES;
				CLANG_WARN_OBJC_ROOT_CLASS = YES_ERROR;
				CLANG_WARN_RANGE_LOOP_ANALYSIS = YES;
				CLANG_WARN_STRICT_PROTOTYPES = YES;
				CLANG_WARN_SUSPICIOUS_MOVE = YES;
				CLANG_WARN_UNGUARDED_AVAILABILITY = YES_AGGRESSIVE;
				CLANG_WARN_UNREACHABLE_CODE = YES;
				CLANG_WARN__DUPLICATE_METHOD_MATCH = YES;
				CODE_SIGN_IDENTITY = "iPhone Developer";
				COPY_PHASE_STRIP = NO;
				DEBUG_INFORMATION_FORMAT = dwarf;
				ENABLE_STRICT_OBJC_MSGSEND = YES;
				ENABLE_TESTABILITY = YES;
				GCC_C_LANGUAGE_STANDARD = gnu11;
				GCC_DYNAMIC_NO_PIC = NO;
				GCC_NO_COMMON_BLOCKS = YES;
				GCC_OPTIMIZATION_LEVEL = 0;
				GCC_PREPROCESSOR_DEFINITIONS = (
					"DEBUG=1",
					"$(inherited)",
				);
				GCC_WARN_64_TO_32_BIT_CONVERSION = YES;
				GCC_WARN_ABOUT_RETURN_TYPE = YES_ERROR;
				GCC_WARN_UNDECLARED_SELECTOR = YES;
				GCC_WARN_UNINITIALIZED_AUTOS = YES_AGGRESSIVE;
				GCC_WARN_UNUSED_FUNCTION = YES;
				GCC_WARN_UNUSED_VARIABLE = YES;
				IPHONEOS_DEPLOYMENT_TARGET = 12.1;
				MTL_ENABLE_DEBUG_INFO = INCLUDE_SOURCE;
				MTL_FAST_MATH = YES;
				ONLY_ACTIVE_ARCH = YES;
				SDKROOT = iphoneos;
				SWIFT_ACTIVE_COMPILATION_CONDITIONS = DEBUG;
				SWIFT_OPTIMIZATION_LEVEL = "-Onone";
			};
			name = Debug;
		};
		89B0F8D4218E69DF001AB959 /* Release */ = {
			isa = XCBuildConfiguration;
			buildSettings = {
				ALWAYS_SEARCH_USER_PATHS = NO;
				CLANG_ANALYZER_NONNULL = YES;
				CLANG_ANALYZER_NUMBER_OBJECT_CONVERSION = YES_AGGRESSIVE;
				CLANG_CXX_LANGUAGE_STANDARD = "gnu++14";
				CLANG_CXX_LIBRARY = "libc++";
				CLANG_ENABLE_MODULES = YES;
				CLANG_ENABLE_OBJC_ARC = YES;
				CLANG_ENABLE_OBJC_WEAK = YES;
				CLANG_WARN_BLOCK_CAPTURE_AUTORELEASING = YES;
				CLANG_WARN_BOOL_CONVERSION = YES;
				CLANG_WARN_COMMA = YES;
				CLANG_WARN_CONSTANT_CONVERSION = YES;
				CLANG_WARN_DEPRECATED_OBJC_IMPLEMENTATIONS = YES;
				CLANG_WARN_DIRECT_OBJC_ISA_USAGE = YES_ERROR;
				CLANG_WARN_DOCUMENTATION_COMMENTS = YES;
				CLANG_WARN_EMPTY_BODY = YES;
				CLANG_WARN_ENUM_CONVERSION = YES;
				CLANG_WARN_INFINITE_RECURSION = YES;
				CLANG_WARN_INT_CONVERSION = YES;
				CLANG_WARN_NON_LITERAL_NULL_CONVERSION = YES;
				CLANG_WARN_OBJC_IMPLICIT_RETAIN_SELF = YES;
				CLANG_WARN_OBJC_LITERAL_CONVERSION = YES;
				CLANG_WARN_OBJC_ROOT_CLASS = YES_ERROR;
				CLANG_WARN_RANGE_LOOP_ANALYSIS = YES;
				CLANG_WARN_STRICT_PROTOTYPES = YES;
				CLANG_WARN_SUSPICIOUS_MOVE = YES;
				CLANG_WARN_UNGUARDED_AVAILABILITY = YES_AGGRESSIVE;
				CLANG_WARN_UNREACHABLE_CODE = YES;
				CLANG_WARN__DUPLICATE_METHOD_MATCH = YES;
				CODE_SIGN_IDENTITY = "iPhone Developer";
				COPY_PHASE_STRIP = NO;
				DEBUG_INFORMATION_FORMAT = "dwarf-with-dsym";
				ENABLE_NS_ASSERTIONS = NO;
				ENABLE_STRICT_OBJC_MSGSEND = YES;
				GCC_C_LANGUAGE_STANDARD = gnu11;
				GCC_NO_COMMON_BLOCKS = YES;
				GCC_WARN_64_TO_32_BIT_CONVERSION = YES;
				GCC_WARN_ABOUT_RETURN_TYPE = YES_ERROR;
				GCC_WARN_UNDECLARED_SELECTOR = YES;
				GCC_WARN_UNINITIALIZED_AUTOS = YES_AGGRESSIVE;
				GCC_WARN_UNUSED_FUNCTION = YES;
				GCC_WARN_UNUSED_VARIABLE = YES;
				IPHONEOS_DEPLOYMENT_TARGET = 12.1;
				MTL_ENABLE_DEBUG_INFO = NO;
				MTL_FAST_MATH = YES;
				SDKROOT = iphoneos;
				SWIFT_COMPILATION_MODE = wholemodule;
				SWIFT_OPTIMIZATION_LEVEL = "-O";
				VALIDATE_PRODUCT = YES;
			};
			name = Release;
		};
		89B0F8D6218E69DF001AB959 /* Debug */ = {
			isa = XCBuildConfiguration;
			baseConfigurationReference = 0FB2FB97AF09CD3DD0C46B37 /* Pods-Table.debug.xcconfig */;
			buildSettings = {
				ASSETCATALOG_COMPILER_APPICON_NAME = AppIcon;
				CODE_SIGN_STYLE = Automatic;
				INFOPLIST_FILE = Table/Info.plist;
				LD_RUNPATH_SEARCH_PATHS = (
					"$(inherited)",
					"@executable_path/Frameworks",
				);
				PRODUCT_BUNDLE_IDENTIFIER = berkeley.edu.Table;
				PRODUCT_NAME = "$(TARGET_NAME)";
				SWIFT_VERSION = 4.2;
				TARGETED_DEVICE_FAMILY = "1,2";
			};
			name = Debug;
		};
		89B0F8D7218E69DF001AB959 /* Release */ = {
			isa = XCBuildConfiguration;
			baseConfigurationReference = F1B016AAA07EE475967B1421 /* Pods-Table.release.xcconfig */;
			buildSettings = {
				ASSETCATALOG_COMPILER_APPICON_NAME = AppIcon;
				CODE_SIGN_STYLE = Automatic;
				INFOPLIST_FILE = Table/Info.plist;
				LD_RUNPATH_SEARCH_PATHS = (
					"$(inherited)",
					"@executable_path/Frameworks",
				);
				PRODUCT_BUNDLE_IDENTIFIER = berkeley.edu.Table;
				PRODUCT_NAME = "$(TARGET_NAME)";
				SWIFT_VERSION = 4.2;
				TARGETED_DEVICE_FAMILY = "1,2";
			};
			name = Release;
		};
		89B0F8D9218E69DF001AB959 /* Debug */ = {
			isa = XCBuildConfiguration;
			baseConfigurationReference = 36F4FD08A240A78BA94978AC /* Pods-TableTests.debug.xcconfig */;
			buildSettings = {
				ALWAYS_EMBED_SWIFT_STANDARD_LIBRARIES = YES;
				BUNDLE_LOADER = "$(TEST_HOST)";
				CODE_SIGN_STYLE = Automatic;
				INFOPLIST_FILE = TableTests/Info.plist;
				LD_RUNPATH_SEARCH_PATHS = (
					"$(inherited)",
					"@executable_path/Frameworks",
					"@loader_path/Frameworks",
				);
				PRODUCT_BUNDLE_IDENTIFIER = berkeley.edu.TableTests;
				PRODUCT_NAME = "$(TARGET_NAME)";
				SWIFT_VERSION = 4.2;
				TARGETED_DEVICE_FAMILY = "1,2";
				TEST_HOST = "$(BUILT_PRODUCTS_DIR)/Table.app/Table";
			};
			name = Debug;
		};
		89B0F8DA218E69DF001AB959 /* Release */ = {
			isa = XCBuildConfiguration;
			baseConfigurationReference = 26890D360C901D62218B4EB4 /* Pods-TableTests.release.xcconfig */;
			buildSettings = {
				ALWAYS_EMBED_SWIFT_STANDARD_LIBRARIES = YES;
				BUNDLE_LOADER = "$(TEST_HOST)";
				CODE_SIGN_STYLE = Automatic;
				INFOPLIST_FILE = TableTests/Info.plist;
				LD_RUNPATH_SEARCH_PATHS = (
					"$(inherited)",
					"@executable_path/Frameworks",
					"@loader_path/Frameworks",
				);
				PRODUCT_BUNDLE_IDENTIFIER = berkeley.edu.TableTests;
				PRODUCT_NAME = "$(TARGET_NAME)";
				SWIFT_VERSION = 4.2;
				TARGETED_DEVICE_FAMILY = "1,2";
				TEST_HOST = "$(BUILT_PRODUCTS_DIR)/Table.app/Table";
			};
			name = Release;
		};
		89B0F8DC218E69DF001AB959 /* Debug */ = {
			isa = XCBuildConfiguration;
			baseConfigurationReference = BBFDB526AC9394C664F40EA4 /* Pods-TableUITests.debug.xcconfig */;
			buildSettings = {
				ALWAYS_EMBED_SWIFT_STANDARD_LIBRARIES = YES;
				CODE_SIGN_STYLE = Automatic;
				INFOPLIST_FILE = TableUITests/Info.plist;
				LD_RUNPATH_SEARCH_PATHS = (
					"$(inherited)",
					"@executable_path/Frameworks",
					"@loader_path/Frameworks",
				);
				PRODUCT_BUNDLE_IDENTIFIER = berkeley.edu.TableUITests;
				PRODUCT_NAME = "$(TARGET_NAME)";
				SWIFT_VERSION = 4.2;
				TARGETED_DEVICE_FAMILY = "1,2";
				TEST_TARGET_NAME = Table;
			};
			name = Debug;
		};
		89B0F8DD218E69DF001AB959 /* Release */ = {
			isa = XCBuildConfiguration;
			baseConfigurationReference = 56884BA4A2FA2E63DB70CB67 /* Pods-TableUITests.release.xcconfig */;
			buildSettings = {
				ALWAYS_EMBED_SWIFT_STANDARD_LIBRARIES = YES;
				CODE_SIGN_STYLE = Automatic;
				INFOPLIST_FILE = TableUITests/Info.plist;
				LD_RUNPATH_SEARCH_PATHS = (
					"$(inherited)",
					"@executable_path/Frameworks",
					"@loader_path/Frameworks",
				);
				PRODUCT_BUNDLE_IDENTIFIER = berkeley.edu.TableUITests;
				PRODUCT_NAME = "$(TARGET_NAME)";
				SWIFT_VERSION = 4.2;
				TARGETED_DEVICE_FAMILY = "1,2";
				TEST_TARGET_NAME = Table;
			};
			name = Release;
		};
/* End XCBuildConfiguration section */

/* Begin XCConfigurationList section */
		89B0F8A8218E69DE001AB959 /* Build configuration list for PBXProject "Table" */ = {
			isa = XCConfigurationList;
			buildConfigurations = (
				89B0F8D3218E69DF001AB959 /* Debug */,
				89B0F8D4218E69DF001AB959 /* Release */,
			);
			defaultConfigurationIsVisible = 0;
			defaultConfigurationName = Release;
		};
		89B0F8D5218E69DF001AB959 /* Build configuration list for PBXNativeTarget "Table" */ = {
			isa = XCConfigurationList;
			buildConfigurations = (
				89B0F8D6218E69DF001AB959 /* Debug */,
				89B0F8D7218E69DF001AB959 /* Release */,
			);
			defaultConfigurationIsVisible = 0;
			defaultConfigurationName = Release;
		};
		89B0F8D8218E69DF001AB959 /* Build configuration list for PBXNativeTarget "TableTests" */ = {
			isa = XCConfigurationList;
			buildConfigurations = (
				89B0F8D9218E69DF001AB959 /* Debug */,
				89B0F8DA218E69DF001AB959 /* Release */,
			);
			defaultConfigurationIsVisible = 0;
			defaultConfigurationName = Release;
		};
		89B0F8DB218E69DF001AB959 /* Build configuration list for PBXNativeTarget "TableUITests" */ = {
			isa = XCConfigurationList;
			buildConfigurations = (
				89B0F8DC218E69DF001AB959 /* Debug */,
				89B0F8DD218E69DF001AB959 /* Release */,
			);
			defaultConfigurationIsVisible = 0;
			defaultConfigurationName = Release;
		};
/* End XCConfigurationList section */
	};
	rootObject = 89B0F8A5218E69DE001AB959 /* Project object */;
}
